
Microsoft Visual Studio Solution File, Format Version 12.00
# Visual Studio 15
Project("{FAE04EC0-301F-11D3-BF4B-00C04F79EFBC}") = "Assembly-CSharp", "Assembly-CSharp.csproj", "{E144F0E8-4E2E-B15C-6DE8-6B0BB6ADAF26}"
EndProject
Project("{FAE04EC0-301F-11D3-BF4B-00C04F79EFBC}") = "Assembly-CSharp-Editor", "Assembly-CSharp-Editor.csproj", "{38F14117-B318-3CB8-DE01-BF1605902F14}"
EndProject
Global
	GlobalSection(SolutionConfigurationPlatforms) = preSolution
		Debug|Any CPU = Debug|Any CPU
		Release|Any CPU = Release|Any CPU
	EndGlobalSection
	GlobalSection(ProjectConfigurationPlatforms) = postSolution
		{E144F0E8-4E2E-B15C-6DE8-6B0BB6ADAF26}.Debug|Any CPU.ActiveCfg = Debug|Any CPU
		{E144F0E8-4E2E-B15C-6DE8-6B0BB6ADAF26}.Debug|Any CPU.Build.0 = Debug|Any CPU
		{E144F0E8-4E2E-B15C-6DE8-6B0BB6ADAF26}.Release|Any CPU.ActiveCfg = Release|Any CPU
		{E144F0E8-4E2E-B15C-6DE8-6B0BB6ADAF26}.Release|Any CPU.Build.0 = Release|Any CPU
		{38F14117-B318-3CB8-DE01-BF1605902F14}.Debug|Any CPU.ActiveCfg = Debug|Any CPU
		{38F14117-B318-3CB8-DE01-BF1605902F14}.Debug|Any CPU.Build.0 = Debug|Any CPU
		{38F14117-B318-3CB8-DE01-BF1605902F14}.Release|Any CPU.ActiveCfg = Release|Any CPU
		{38F14117-B318-3CB8-DE01-BF1605902F14}.Release|Any CPU.Build.0 = Release|Any CPU
	EndGlobalSection
	GlobalSection(SolutionProperties) = preSolution
		HideSolutionNode = FALSE
	EndGlobalSection
EndGlobal
